
Microsoft Visual Studio Solution File, Format Version 12.00
# Visual Studio Version 17
VisualStudioVersion = 17.13.35931.197
MinimumVisualStudioVersion = 10.0.40219.1
Project("{FAE04EC0-301F-11D3-BF4B-00C04F79EFBC}") = "OrderService.API", "MusicOrchestraOrder.API\OrderService.API.csproj", "{6D652DC2-4F41-44A1-88DC-BEEAB873545C}"
EndProject
Project("{FAE04EC0-301F-11D3-BF4B-00C04F79EFBC}") = "OrderService.BLL", "MusicOrchestraOrder.BLL\OrderService.BLL.csproj", "{875B1CA9-431D-4E8D-BEB0-55DDECD2937F}"
EndProject
Project("{FAE04EC0-301F-11D3-BF4B-00C04F79EFBC}") = "OrderService.DAL", "MusicOrchestraOrder.DAL\OrderService.DAL.csproj", "{E5AAD8C1-AAAA-4949-A3BB-8EA795DF214A}"
EndProject
Project("{FAE04EC0-301F-11D3-BF4B-00C04F79EFBC}") = "OrderService.Domain", "MusicOrchestraOrder.Domain\OrderService.Domain.csproj", "{DFC8CD98-F4BF-4EBF-80F2-26F4918F60B4}"
EndProject
Project("{2150E333-8FDC-42A3-9474-1A3956D46DE8}") = "Order", "Order", "{02EA681E-C7D8-13C7-8484-4AC65E1B71E8}"
EndProject
Project("{2150E333-8FDC-42A3-9474-1A3956D46DE8}") = "Catalog", "Catalog", "{AD3063B3-AD58-4DB7-BFC6-50478CEC855D}"
EndProject
Project("{FAE04EC0-301F-11D3-BF4B-00C04F79EFBC}") = "CatalogService.API", "CatalogService.API\CatalogService.API.csproj", "{78700D31-5B4F-487D-9449-0EB9D54EF8C3}"
EndProject
Project("{FAE04EC0-301F-11D3-BF4B-00C04F79EFBC}") = "CatalogService.Domain", "CatalogService.Domain\CatalogService.Domain.csproj", "{FBB6F6F2-0705-47C5-B107-0C2C91A40DAC}"
EndProject
Project("{FAE04EC0-301F-11D3-BF4B-00C04F79EFBC}") = "CatalogService.DAL", "CatalogService.DAL\CatalogService.DAL.csproj", "{2B28AB2E-8096-496F-B182-B3D85B23A167}"
EndProject
Project("{FAE04EC0-301F-11D3-BF4B-00C04F79EFBC}") = "CatalogService.BLL", "CatalogService.BLL\CatalogService.BLL.csproj", "{168D275C-B07D-404C-BC0C-D6CA0E603F0D}"
EndProject
Project("{2150E333-8FDC-42A3-9474-1A3956D46DE8}") = "Reviews", "Reviews", "{2069AA15-BAD2-47B5-B53D-01449163BC88}"
EndProject
Project("{FAE04EC0-301F-11D3-BF4B-00C04F79EFBC}") = "RewievsService.API", "RewievsService.API\RewievsService.API.csproj", "{967A5DF0-30AD-4B6C-9ED2-15A9C33E1720}"
EndProject
Project("{FAE04EC0-301F-11D3-BF4B-00C04F79EFBC}") = "RewievsService.Application", "RewievsService.Application\RewievsService.Application.csproj", "{FCB3AEEF-596D-4F7A-A1ED-EDDD6FD07FF3}"
EndProject
Project("{FAE04EC0-301F-11D3-BF4B-00C04F79EFBC}") = "RewievsService.Domain", "RewievsService.Domain\RewievsService.Domain.csproj", "{78E72F53-81E8-43D8-BF41-E60856715266}"
EndProject
Project("{FAE04EC0-301F-11D3-BF4B-00C04F79EFBC}") = "RewievsService.Infrastructure", "RewievsService.Infrastructure\RewievsService.Infrastructure.csproj", "{75049D69-CF75-4B10-AC12-62954C73810F}"
EndProject
Global
	GlobalSection(SolutionConfigurationPlatforms) = preSolution
		Debug|Any CPU = Debug|Any CPU
		Release|Any CPU = Release|Any CPU
	EndGlobalSection
	GlobalSection(ProjectConfigurationPlatforms) = postSolution
		{6D652DC2-4F41-44A1-88DC-BEEAB873545C}.Debug|Any CPU.ActiveCfg = Debug|Any CPU
		{6D652DC2-4F41-44A1-88DC-BEEAB873545C}.Debug|Any CPU.Build.0 = Debug|Any CPU
		{6D652DC2-4F41-44A1-88DC-BEEAB873545C}.Release|Any CPU.ActiveCfg = Release|Any CPU
		{6D652DC2-4F41-44A1-88DC-BEEAB873545C}.Release|Any CPU.Build.0 = Release|Any CPU
		{875B1CA9-431D-4E8D-BEB0-55DDECD2937F}.Debug|Any CPU.ActiveCfg = Debug|Any CPU
		{875B1CA9-431D-4E8D-BEB0-55DDECD2937F}.Debug|Any CPU.Build.0 = Debug|Any CPU
		{875B1CA9-431D-4E8D-BEB0-55DDECD2937F}.Release|Any CPU.ActiveCfg = Release|Any CPU
		{875B1CA9-431D-4E8D-BEB0-55DDECD2937F}.Release|Any CPU.Build.0 = Release|Any CPU
		{E5AAD8C1-AAAA-4949-A3BB-8EA795DF214A}.Debug|Any CPU.ActiveCfg = Debug|Any CPU
		{E5AAD8C1-AAAA-4949-A3BB-8EA795DF214A}.Debug|Any CPU.Build.0 = Debug|Any CPU
		{E5AAD8C1-AAAA-4949-A3BB-8EA795DF214A}.Release|Any CPU.ActiveCfg = Release|Any CPU
		{E5AAD8C1-AAAA-4949-A3BB-8EA795DF214A}.Release|Any CPU.Build.0 = Release|Any CPU
		{DFC8CD98-F4BF-4EBF-80F2-26F4918F60B4}.Debug|Any CPU.ActiveCfg = Debug|Any CPU
		{DFC8CD98-F4BF-4EBF-80F2-26F4918F60B4}.Debug|Any CPU.Build.0 = Debug|Any CPU
		{DFC8CD98-F4BF-4EBF-80F2-26F4918F60B4}.Release|Any CPU.ActiveCfg = Release|Any CPU
		{DFC8CD98-F4BF-4EBF-80F2-26F4918F60B4}.Release|Any CPU.Build.0 = Release|Any CPU
		{78700D31-5B4F-487D-9449-0EB9D54EF8C3}.Debug|Any CPU.ActiveCfg = Debug|Any CPU
		{78700D31-5B4F-487D-9449-0EB9D54EF8C3}.Debug|Any CPU.Build.0 = Debug|Any CPU
		{78700D31-5B4F-487D-9449-0EB9D54EF8C3}.Release|Any CPU.ActiveCfg = Release|Any CPU
		{78700D31-5B4F-487D-9449-0EB9D54EF8C3}.Release|Any CPU.Build.0 = Release|Any CPU
		{FBB6F6F2-0705-47C5-B107-0C2C91A40DAC}.Debug|Any CPU.ActiveCfg = Debug|Any CPU
		{FBB6F6F2-0705-47C5-B107-0C2C91A40DAC}.Debug|Any CPU.Build.0 = Debug|Any CPU
		{FBB6F6F2-0705-47C5-B107-0C2C91A40DAC}.Release|Any CPU.ActiveCfg = Release|Any CPU
		{FBB6F6F2-0705-47C5-B107-0C2C91A40DAC}.Release|Any CPU.Build.0 = Release|Any CPU
		{2B28AB2E-8096-496F-B182-B3D85B23A167}.Debug|Any CPU.ActiveCfg = Debug|Any CPU
		{2B28AB2E-8096-496F-B182-B3D85B23A167}.Debug|Any CPU.Build.0 = Debug|Any CPU
		{2B28AB2E-8096-496F-B182-B3D85B23A167}.Release|Any CPU.ActiveCfg = Release|Any CPU
		{2B28AB2E-8096-496F-B182-B3D85B23A167}.Release|Any CPU.Build.0 = Release|Any CPU
		{168D275C-B07D-404C-BC0C-D6CA0E603F0D}.Debug|Any CPU.ActiveCfg = Debug|Any CPU
		{168D275C-B07D-404C-BC0C-D6CA0E603F0D}.Debug|Any CPU.Build.0 = Debug|Any CPU
		{168D275C-B07D-404C-BC0C-D6CA0E603F0D}.Release|Any CPU.ActiveCfg = Release|Any CPU
		{168D275C-B07D-404C-BC0C-D6CA0E603F0D}.Release|Any CPU.Build.0 = Release|Any CPU
		{967A5DF0-30AD-4B6C-9ED2-15A9C33E1720}.Debug|Any CPU.ActiveCfg = Debug|Any CPU
		{967A5DF0-30AD-4B6C-9ED2-15A9C33E1720}.Debug|Any CPU.Build.0 = Debug|Any CPU
		{967A5DF0-30AD-4B6C-9ED2-15A9C33E1720}.Release|Any CPU.ActiveCfg = Release|Any CPU
		{967A5DF0-30AD-4B6C-9ED2-15A9C33E1720}.Release|Any CPU.Build.0 = Release|Any CPU
		{FCB3AEEF-596D-4F7A-A1ED-EDDD6FD07FF3}.Debug|Any CPU.ActiveCfg = Debug|Any CPU
		{FCB3AEEF-596D-4F7A-A1ED-EDDD6FD07FF3}.Debug|Any CPU.Build.0 = Debug|Any CPU
		{FCB3AEEF-596D-4F7A-A1ED-EDDD6FD07FF3}.Release|Any CPU.ActiveCfg = Release|Any CPU
		{FCB3AEEF-596D-4F7A-A1ED-EDDD6FD07FF3}.Release|Any CPU.Build.0 = Release|Any CPU
		{78E72F53-81E8-43D8-BF41-E60856715266}.Debug|Any CPU.ActiveCfg = Debug|Any CPU
		{78E72F53-81E8-43D8-BF41-E60856715266}.Debug|Any CPU.Build.0 = Debug|Any CPU
		{78E72F53-81E8-43D8-BF41-E60856715266}.Release|Any CPU.ActiveCfg = Release|Any CPU
		{78E72F53-81E8-43D8-BF41-E60856715266}.Release|Any CPU.Build.0 = Release|Any CPU
		{75049D69-CF75-4B10-AC12-62954C73810F}.Debug|Any CPU.ActiveCfg = Debug|Any CPU
		{75049D69-CF75-4B10-AC12-62954C73810F}.Debug|Any CPU.Build.0 = Debug|Any CPU
		{75049D69-CF75-4B10-AC12-62954C73810F}.Release|Any CPU.ActiveCfg = Release|Any CPU
		{75049D69-CF75-4B10-AC12-62954C73810F}.Release|Any CPU.Build.0 = Release|Any CPU
	EndGlobalSection
	GlobalSection(SolutionProperties) = preSolution
		HideSolutionNode = FALSE
	EndGlobalSection
	GlobalSection(NestedProjects) = preSolution
		{6D652DC2-4F41-44A1-88DC-BEEAB873545C} = {02EA681E-C7D8-13C7-8484-4AC65E1B71E8}
		{875B1CA9-431D-4E8D-BEB0-55DDECD2937F} = {02EA681E-C7D8-13C7-8484-4AC65E1B71E8}
		{E5AAD8C1-AAAA-4949-A3BB-8EA795DF214A} = {02EA681E-C7D8-13C7-8484-4AC65E1B71E8}
		{DFC8CD98-F4BF-4EBF-80F2-26F4918F60B4} = {02EA681E-C7D8-13C7-8484-4AC65E1B71E8}
		{78700D31-5B4F-487D-9449-0EB9D54EF8C3} = {AD3063B3-AD58-4DB7-BFC6-50478CEC855D}
		{FBB6F6F2-0705-47C5-B107-0C2C91A40DAC} = {AD3063B3-AD58-4DB7-BFC6-50478CEC855D}
		{2B28AB2E-8096-496F-B182-B3D85B23A167} = {AD3063B3-AD58-4DB7-BFC6-50478CEC855D}
		{168D275C-B07D-404C-BC0C-D6CA0E603F0D} = {AD3063B3-AD58-4DB7-BFC6-50478CEC855D}
		{967A5DF0-30AD-4B6C-9ED2-15A9C33E1720} = {2069AA15-BAD2-47B5-B53D-01449163BC88}
		{FCB3AEEF-596D-4F7A-A1ED-EDDD6FD07FF3} = {2069AA15-BAD2-47B5-B53D-01449163BC88}
		{78E72F53-81E8-43D8-BF41-E60856715266} = {2069AA15-BAD2-47B5-B53D-01449163BC88}
		{75049D69-CF75-4B10-AC12-62954C73810F} = {2069AA15-BAD2-47B5-B53D-01449163BC88}
	EndGlobalSection
	GlobalSection(ExtensibilityGlobals) = postSolution
		SolutionGuid = {5CF13616-B995-4936-AA86-C7E19C910241}
	EndGlobalSection
EndGlobal
